
Microsoft Visual Studio Solution File, Format Version 12.00
# Visual Studio Version 17
VisualStudioVersion = 17.6.33723.286
MinimumVisualStudioVersion = 10.0.40219.1
Project("{FAE04EC0-301F-11D3-BF4B-00C04F79EFBC}") = "HomeWORK-2", "HomeWORK-2.csproj", "{499F19CC-C1F0-48B9-8965-4B367B71E17C}"
EndProject
Global
	GlobalSection(SolutionConfigurationPlatforms) = preSolution
		Debug|Any CPU = Debug|Any CPU
		Release|Any CPU = Release|Any CPU
	EndGlobalSection
	GlobalSection(ProjectConfigurationPlatforms) = postSolution
		{499F19CC-C1F0-48B9-8965-4B367B71E17C}.Debug|Any CPU.ActiveCfg = Debug|Any CPU
		{499F19CC-C1F0-48B9-8965-4B367B71E17C}.Debug|Any CPU.Build.0 = Debug|Any CPU
		{499F19CC-C1F0-48B9-8965-4B367B71E17C}.Release|Any CPU.ActiveCfg = Release|Any CPU
		{499F19CC-C1F0-48B9-8965-4B367B71E17C}.Release|Any CPU.Build.0 = Release|Any CPU
	EndGlobalSection
	GlobalSection(SolutionProperties) = preSolution
		HideSolutionNode = FALSE
	EndGlobalSection
	GlobalSection(ExtensibilityGlobals) = postSolution
		SolutionGuid = {36A68C5B-80ED-4E85-B226-9360F8C89BAD}
	EndGlobalSection
EndGlobal
